
Microsoft Visual Studio Solution File, Format Version 12.00
Project("{FAE04EC0-301F-11D3-BF4B-00C04F79EFBC}") = "Automarket", "Automarket\Automarket.csproj", "{FFE946E9-8B77-43D6-A058-2C671E2446E2}"
EndProject
Project("{2150E333-8FDC-42A3-9474-1A3956D46DE8}") = "Domain", "Domain", "{A3846E95-361C-49B0-A5EE-D0346F56811A}"
EndProject
Project("{FAE04EC0-301F-11D3-BF4B-00C04F79EFBC}") = "Automarket.Domain", "Automarket.Domain\Automarket.Domain.csproj", "{AA17AD9B-9B98-4FC0-A2E9-FE5EE97A12E2}"
EndProject
Project("{2150E333-8FDC-42A3-9474-1A3956D46DE8}") = "DAL", "DAL", "{ED173338-D5DA-46B5-8508-A717E005939F}"
EndProject
Project("{FAE04EC0-301F-11D3-BF4B-00C04F79EFBC}") = "Automarket.DAL", "Automarket.DAL\Automarket.DAL.csproj", "{1C14A170-374C-4387-9607-1F2FF712140C}"
EndProject
Project("{2150E333-8FDC-42A3-9474-1A3956D46DE8}") = "Service", "Service", "{175D288A-25BA-41E1-9ABE-1F9E64777E10}"
EndProject
Project("{FAE04EC0-301F-11D3-BF4B-00C04F79EFBC}") = "Automarket.Service", "Automarket.Service\Automarket.Service.csproj", "{C927C4A8-6EBE-4B13-B569-3C3E226922C8}"
EndProject
Global
	GlobalSection(SolutionConfigurationPlatforms) = preSolution
		Debug|Any CPU = Debug|Any CPU
		Release|Any CPU = Release|Any CPU
	EndGlobalSection
	GlobalSection(ProjectConfigurationPlatforms) = postSolution
		{FFE946E9-8B77-43D6-A058-2C671E2446E2}.Debug|Any CPU.ActiveCfg = Debug|Any CPU
		{FFE946E9-8B77-43D6-A058-2C671E2446E2}.Debug|Any CPU.Build.0 = Debug|Any CPU
		{FFE946E9-8B77-43D6-A058-2C671E2446E2}.Release|Any CPU.ActiveCfg = Release|Any CPU
		{FFE946E9-8B77-43D6-A058-2C671E2446E2}.Release|Any CPU.Build.0 = Release|Any CPU
		{AA17AD9B-9B98-4FC0-A2E9-FE5EE97A12E2}.Debug|Any CPU.ActiveCfg = Debug|Any CPU
		{AA17AD9B-9B98-4FC0-A2E9-FE5EE97A12E2}.Debug|Any CPU.Build.0 = Debug|Any CPU
		{AA17AD9B-9B98-4FC0-A2E9-FE5EE97A12E2}.Release|Any CPU.ActiveCfg = Release|Any CPU
		{AA17AD9B-9B98-4FC0-A2E9-FE5EE97A12E2}.Release|Any CPU.Build.0 = Release|Any CPU
		{1C14A170-374C-4387-9607-1F2FF712140C}.Debug|Any CPU.ActiveCfg = Debug|Any CPU
		{1C14A170-374C-4387-9607-1F2FF712140C}.Debug|Any CPU.Build.0 = Debug|Any CPU
		{1C14A170-374C-4387-9607-1F2FF712140C}.Release|Any CPU.ActiveCfg = Release|Any CPU
		{1C14A170-374C-4387-9607-1F2FF712140C}.Release|Any CPU.Build.0 = Release|Any CPU
		{C927C4A8-6EBE-4B13-B569-3C3E226922C8}.Debug|Any CPU.ActiveCfg = Debug|Any CPU
		{C927C4A8-6EBE-4B13-B569-3C3E226922C8}.Debug|Any CPU.Build.0 = Debug|Any CPU
		{C927C4A8-6EBE-4B13-B569-3C3E226922C8}.Release|Any CPU.ActiveCfg = Release|Any CPU
		{C927C4A8-6EBE-4B13-B569-3C3E226922C8}.Release|Any CPU.Build.0 = Release|Any CPU
	EndGlobalSection
	GlobalSection(NestedProjects) = preSolution
		{AA17AD9B-9B98-4FC0-A2E9-FE5EE97A12E2} = {A3846E95-361C-49B0-A5EE-D0346F56811A}
		{1C14A170-374C-4387-9607-1F2FF712140C} = {ED173338-D5DA-46B5-8508-A717E005939F}
		{C927C4A8-6EBE-4B13-B569-3C3E226922C8} = {175D288A-25BA-41E1-9ABE-1F9E64777E10}
	EndGlobalSection
EndGlobal
